{
  "nodes": {
    "add-missing": {
      "inputs": {
        "flake-utils": "flake-utils",
        "nixpkgs": [
          "nixpkgs"
        ]
      },
      "locked": {
        "lastModified": 1653486629,
        "narHash": "sha256-S9+aPpTAC8riU3ilk6UrSZjFB40/4thF1/I6CbHc3Ys=",
        "owner": "eraserhd",
        "repo": "add-missing",
        "rev": "eed3d561131ffbd950eab6b69df97336b57d92d8",
        "type": "github"
      },
      "original": {
        "owner": "eraserhd",
        "repo": "add-missing",
        "type": "github"
      }
    },
    "clipboard-pluggo": {
      "inputs": {
        "flake-utils": "flake-utils_3",
        "nixpkgs": [
          "plugbench",
          "nixpkgs"
        ]
      },
      "locked": {
        "lastModified": 1707774082,
        "narHash": "sha256-cZ8DclvoTy8P3nY2YrRWOH8v/UbK0MBd93MC9K4+4HA=",
        "owner": "plugbench",
        "repo": "clipboard-pluggo",
        "rev": "07147803042e6530f1adf3854182c672f9cffdda",
        "type": "github"
      },
      "original": {
        "owner": "plugbench",
        "repo": "clipboard-pluggo",
        "type": "github"
      }
    },
    "darwin": {
      "inputs": {
        "nixpkgs": [
          "nixpkgs"
        ]
      },
      "locked": {
        "lastModified": 1727003835,
        "narHash": "sha256-Cfllbt/ADfO8oxbT984MhPHR6FJBaglsr1SxtDGbpec=",
        "owner": "LnL7",
        "repo": "nix-darwin",
        "rev": "bd7d1e3912d40f799c5c0f7e5820ec950f1e0b3d",
        "type": "github"
      },
      "original": {
        "owner": "LnL7",
        "ref": "master",
        "repo": "nix-darwin",
        "type": "github"
      }
    },
    "flake-utils": {
      "locked": {
        "lastModified": 1649676176,
        "narHash": "sha256-OWKJratjt2RW151VUlJPRALb7OU2S5s+f0vLj4o1bHM=",
        "owner": "numtide",
        "repo": "flake-utils",
        "rev": "a4b154ebbdc88c8498a5c7b01589addc9e9cb678",
        "type": "github"
      },
      "original": {
        "owner": "numtide",
        "repo": "flake-utils",
        "type": "github"
      }
    },
    "flake-utils_2": {
      "inputs": {
        "systems": "systems"
      },
      "locked": {
        "lastModified": 1694529238,
        "narHash": "sha256-zsNZZGTGnMOf9YpHKJqMSsa0dXbfmxeoJ7xHlrt+xmY=",
        "owner": "numtide",
        "repo": "flake-utils",
        "rev": "ff7b65b44d01cf9ba6a71320833626af21126384",
        "type": "github"
      },
      "original": {
        "owner": "numtide",
        "repo": "flake-utils",
        "type": "github"
      }
    },
    "flake-utils_3": {
      "inputs": {
        "systems": "systems_2"
      },
      "locked": {
        "lastModified": 1701680307,
        "narHash": "sha256-kAuep2h5ajznlPMD9rnQyffWG8EM/C73lejGofXvdM8=",
        "owner": "numtide",
        "repo": "flake-utils",
        "rev": "4022d587cbbfd70fe950c1e2083a02621806a725",
        "type": "github"
      },
      "original": {
        "owner": "numtide",
        "repo": "flake-utils",
        "type": "github"
      }
    },
    "flake-utils_4": {
      "inputs": {
        "systems": "systems_3"
      },
      "locked": {
        "lastModified": 1726560853,
        "narHash": "sha256-X6rJYSESBVr3hBoH0WbKE5KvhPU5bloyZ2L4K60/fPQ=",
        "owner": "numtide",
        "repo": "flake-utils",
        "rev": "c1dfcf08411b08f6b8615f7d8971a2bfa81d5e8a",
        "type": "github"
      },
      "original": {
        "owner": "numtide",
        "repo": "flake-utils",
        "type": "github"
      }
    },
    "flake-utils_5": {
      "inputs": {
        "systems": "systems_4"
      },
      "locked": {
        "lastModified": 1705309234,
        "narHash": "sha256-uNRRNRKmJyCRC/8y1RqBkqWBLM034y4qN7EprSdmgyA=",
        "owner": "numtide",
        "repo": "flake-utils",
        "rev": "1ef2e671c3b0c19053962c07dbda38332dcebf26",
        "type": "github"
      },
      "original": {
        "owner": "numtide",
        "repo": "flake-utils",
        "type": "github"
      }
    },
    "flake-utils_6": {
      "inputs": {
        "systems": "systems_5"
      },
      "locked": {
        "lastModified": 1705309234,
        "narHash": "sha256-uNRRNRKmJyCRC/8y1RqBkqWBLM034y4qN7EprSdmgyA=",
        "owner": "numtide",
        "repo": "flake-utils",
        "rev": "1ef2e671c3b0c19053962c07dbda38332dcebf26",
        "type": "github"
      },
      "original": {
        "owner": "numtide",
        "repo": "flake-utils",
        "type": "github"
      }
    },
    "flake-utils_7": {
      "inputs": {
        "systems": "systems_6"
      },
      "locked": {
        "lastModified": 1726560853,
        "narHash": "sha256-X6rJYSESBVr3hBoH0WbKE5KvhPU5bloyZ2L4K60/fPQ=",
        "owner": "numtide",
        "repo": "flake-utils",
        "rev": "c1dfcf08411b08f6b8615f7d8971a2bfa81d5e8a",
        "type": "github"
      },
      "original": {
        "owner": "numtide",
        "repo": "flake-utils",
        "type": "github"
      }
    },
    "home-manager": {
      "inputs": {
        "nixpkgs": [
          "nixpkgs"
        ]
      },
      "locked": {
        "lastModified": 1730016908,
        "narHash": "sha256-bFCxJco7d8IgmjfNExNz9knP8wvwbXU4s/d53KOK6U0=",
        "owner": "nix-community",
        "repo": "home-manager",
        "rev": "e83414058edd339148dc142a8437edb9450574c8",
        "type": "github"
      },
      "original": {
        "owner": "nix-community",
        "ref": "master",
        "repo": "home-manager",
        "type": "github"
      }
    },
    "kak-ansi": {
      "inputs": {
        "flake-utils": "flake-utils_2",
        "nixpkgs": [
          "nixpkgs"
        ]
      },
      "locked": {
        "lastModified": 1713447446,
        "narHash": "sha256-vaQYDwqdapSnsv8HA0GPbagFxePftwndjwR6b1aQjSI=",
        "owner": "eraserhd",
        "repo": "kak-ansi",
        "rev": "459d3cacb2308f13c8dea84ce9b12e364be30fc6",
        "type": "github"
      },
      "original": {
        "owner": "eraserhd",
        "repo": "kak-ansi",
        "type": "github"
      }
    },
    "kakoune-pluggo": {
      "inputs": {
        "flake-utils": "flake-utils_5",
        "nixpkgs": [
          "plugbench",
          "nixpkgs"
        ]
      },
      "locked": {
        "lastModified": 1707837328,
        "narHash": "sha256-DOLltUTk2Cl1zpvR6eDm3Ek/BzBWIUMOpF/ogopa9MI=",
        "owner": "plugbench",
        "repo": "kakoune-pluggo",
        "rev": "63b6c291bcf54e4197a058827a144ee5b33d6c5c",
        "type": "github"
      },
      "original": {
        "owner": "plugbench",
        "repo": "kakoune-pluggo",
        "type": "github"
      }
    },
    "nixpkgs": {
      "locked": {
        "lastModified": 1730121582,
        "narHash": "sha256-CG5hXTMIGbgU0ALoXCTC+GPeQD00uLWpY5p2t7MTyJ4=",
        "owner": "NixOS",
        "repo": "nixpkgs",
        "rev": "186411877a1ed98266dfd24a883048d3b3155015",
        "type": "github"
      },
      "original": {
        "owner": "NixOS",
        "ref": "master",
        "repo": "nixpkgs",
        "type": "github"
      }
    },
    "plugbench": {
      "inputs": {
        "clipboard-pluggo": "clipboard-pluggo",
        "flake-utils": "flake-utils_4",
        "kakoune-pluggo": "kakoune-pluggo",
        "nixpkgs": [
          "nixpkgs"
        ],
        "plumber-pluggo": "plumber-pluggo"
      },
      "locked": {
        "lastModified": 1730123503,
        "narHash": "sha256-ShYZpIOggDYO3sa3cKGvmDpoHwUyoaiSlJQLQCkIIO0=",
        "owner": "plugbench",
        "repo": "nix-plugbench",
        "rev": "1756c179f3862ac96567650826dd0d1564652e3c",
        "type": "github"
      },
      "original": {
        "owner": "plugbench",
        "repo": "nix-plugbench",
        "type": "github"
      }
    },
    "plumber-pluggo": {
      "inputs": {
        "flake-utils": "flake-utils_6",
        "nixpkgs": [
          "plugbench",
          "nixpkgs"
        ]
      },
      "locked": {
        "lastModified": 1730123140,
        "narHash": "sha256-Rj4uy83Fbc9HaIgvFeOcV2MCvAA0oZ1ufER+iRsX6hk=",
        "owner": "plugbench",
        "repo": "plumber-pluggo",
        "rev": "c06c48babecedd925d0902bac234b7dfe788ee65",
        "type": "github"
      },
      "original": {
        "owner": "plugbench",
        "repo": "plumber-pluggo",
        "type": "github"
      }
    },
    "root": {
      "inputs": {
        "add-missing": "add-missing",
        "darwin": "darwin",
        "home-manager": "home-manager",
        "kak-ansi": "kak-ansi",
        "nixpkgs": "nixpkgs",
        "plugbench": "plugbench",
        "twou": "twou"
      }
    },
    "systems": {
      "locked": {
        "lastModified": 1681028828,
        "narHash": "sha256-Vy1rq5AaRuLzOxct8nz4T6wlgyUR7zLU309k9mBC768=",
        "owner": "nix-systems",
        "repo": "default",
        "rev": "da67096a3b9bf56a91d16901293e51ba5b49a27e",
        "type": "github"
      },
      "original": {
        "owner": "nix-systems",
        "repo": "default",
        "type": "github"
      }
    },
    "systems_2": {
      "locked": {
        "lastModified": 1681028828,
        "narHash": "sha256-Vy1rq5AaRuLzOxct8nz4T6wlgyUR7zLU309k9mBC768=",
        "owner": "nix-systems",
        "repo": "default",
        "rev": "da67096a3b9bf56a91d16901293e51ba5b49a27e",
        "type": "github"
      },
      "original": {
        "owner": "nix-systems",
        "repo": "default",
        "type": "github"
      }
    },
    "systems_3": {
      "locked": {
        "lastModified": 1681028828,
        "narHash": "sha256-Vy1rq5AaRuLzOxct8nz4T6wlgyUR7zLU309k9mBC768=",
        "owner": "nix-systems",
        "repo": "default",
        "rev": "da67096a3b9bf56a91d16901293e51ba5b49a27e",
        "type": "github"
      },
      "original": {
        "owner": "nix-systems",
        "repo": "default",
        "type": "github"
      }
    },
    "systems_4": {
      "locked": {
        "lastModified": 1681028828,
        "narHash": "sha256-Vy1rq5AaRuLzOxct8nz4T6wlgyUR7zLU309k9mBC768=",
        "owner": "nix-systems",
        "repo": "default",
        "rev": "da67096a3b9bf56a91d16901293e51ba5b49a27e",
        "type": "github"
      },
      "original": {
        "owner": "nix-systems",
        "repo": "default",
        "type": "github"
      }
    },
    "systems_5": {
      "locked": {
        "lastModified": 1681028828,
        "narHash": "sha256-Vy1rq5AaRuLzOxct8nz4T6wlgyUR7zLU309k9mBC768=",
        "owner": "nix-systems",
        "repo": "default",
        "rev": "da67096a3b9bf56a91d16901293e51ba5b49a27e",
        "type": "github"
      },
      "original": {
        "owner": "nix-systems",
        "repo": "default",
        "type": "github"
      }
    },
    "systems_6": {
      "locked": {
        "lastModified": 1681028828,
        "narHash": "sha256-Vy1rq5AaRuLzOxct8nz4T6wlgyUR7zLU309k9mBC768=",
        "owner": "nix-systems",
        "repo": "default",
        "rev": "da67096a3b9bf56a91d16901293e51ba5b49a27e",
        "type": "github"
      },
      "original": {
        "owner": "nix-systems",
        "repo": "default",
        "type": "github"
      }
    },
    "twou": {
      "inputs": {
        "flake-utils": "flake-utils_7",
        "nixpkgs": [
          "nixpkgs"
        ]
      },
      "locked": {
        "lastModified": 1730309293,
        "narHash": "sha256-Ys22gaFlvh7PO5xXIHf2+lcSHp9Cf34NGaVAremIl5g=",
        "ref": "main",
        "rev": "c64dd053adfdea0801994eb4e2bcd1cf5804efc2",
        "revCount": 100,
        "type": "git",
        "url": "ssh://git@github.com/2uinc/nix-2u"
      },
      "original": {
        "ref": "main",
        "type": "git",
        "url": "ssh://git@github.com/2uinc/nix-2u"
      }
    }
  },
  "root": "root",
  "version": 7
}
