{
  "nodes": {
    "add-missing": {
      "inputs": {
        "flake-utils": "flake-utils",
        "nixpkgs": [
          "nixpkgs"
        ]
      },
      "locked": {
        "lastModified": 1653486629,
        "narHash": "sha256-S9+aPpTAC8riU3ilk6UrSZjFB40/4thF1/I6CbHc3Ys=",
        "owner": "eraserhd",
        "repo": "add-missing",
        "rev": "eed3d561131ffbd950eab6b69df97336b57d92d8",
        "type": "github"
      },
      "original": {
        "owner": "eraserhd",
        "repo": "add-missing",
        "type": "github"
      }
    },
    "darwin": {
      "inputs": {
        "nixpkgs": [
          "nixpkgs"
        ]
      },
      "locked": {
        "lastModified": 1657835815,
        "narHash": "sha256-CnZszAYpNKydh6N7+xg+eRtWNVoAAGqc6bg+Lpgq1xc=",
        "owner": "LnL7",
        "repo": "nix-darwin",
        "rev": "54a24f042f93c79f5679f133faddedec61955cf2",
        "type": "github"
      },
      "original": {
        "owner": "LnL7",
        "ref": "master",
        "repo": "nix-darwin",
        "type": "github"
      }
    },
    "flake-utils": {
      "locked": {
        "lastModified": 1649676176,
        "narHash": "sha256-OWKJratjt2RW151VUlJPRALb7OU2S5s+f0vLj4o1bHM=",
        "owner": "numtide",
        "repo": "flake-utils",
        "rev": "a4b154ebbdc88c8498a5c7b01589addc9e9cb678",
        "type": "github"
      },
      "original": {
        "owner": "numtide",
        "repo": "flake-utils",
        "type": "github"
      }
    },
    "flake-utils_2": {
      "locked": {
        "lastModified": 1652776076,
        "narHash": "sha256-gzTw/v1vj4dOVbpBSJX4J0DwUR6LIyXo7/SuuTJp1kM=",
        "owner": "numtide",
        "repo": "flake-utils",
        "rev": "04c1b180862888302ddfb2e3ad9eaa63afc60cf8",
        "type": "github"
      },
      "original": {
        "owner": "numtide",
        "repo": "flake-utils",
        "type": "github"
      }
    },
    "flake-utils_3": {
      "locked": {
        "lastModified": 1652776076,
        "narHash": "sha256-gzTw/v1vj4dOVbpBSJX4J0DwUR6LIyXo7/SuuTJp1kM=",
        "owner": "numtide",
        "repo": "flake-utils",
        "rev": "04c1b180862888302ddfb2e3ad9eaa63afc60cf8",
        "type": "github"
      },
      "original": {
        "owner": "numtide",
        "repo": "flake-utils",
        "type": "github"
      }
    },
    "home-manager": {
      "inputs": {
        "nixpkgs": [
          "nixpkgs"
        ],
        "utils": "utils"
      },
      "locked": {
        "lastModified": 1658924727,
        "narHash": "sha256-Fhh9FK9CvuCLxG1WkWJPoendDeXKI4gHYTfezo1n2Zg=",
        "owner": "nix-community",
        "repo": "home-manager",
        "rev": "0e2f7876d2f2ae98a67d89a8bef8c49332aae5af",
        "type": "github"
      },
      "original": {
        "owner": "nix-community",
        "ref": "master",
        "repo": "home-manager",
        "type": "github"
      }
    },
    "kak-ansi": {
      "inputs": {
        "flake-utils": "flake-utils_2",
        "nixpkgs": [
          "nixpkgs"
        ]
      },
      "locked": {
        "lastModified": 1653487452,
        "narHash": "sha256-cE96NmWSenx8UORaPJOLnNpHuECF8e4NMfBooV8GeN0=",
        "owner": "eraserhd",
        "repo": "kak-ansi",
        "rev": "ee5ef80a3cf96d04679a52480a3663c2810f5b53",
        "type": "github"
      },
      "original": {
        "owner": "eraserhd",
        "repo": "kak-ansi",
        "type": "github"
      }
    },
    "nixpkgs": {
      "locked": {
        "lastModified": 1659216924,
        "narHash": "sha256-QFHKbS8cu01kmIcGFVCwIQSwP6KlS2mlOWlksgFkT3U=",
        "owner": "NixOS",
        "repo": "nixpkgs",
        "rev": "f5910772e59efe2bb28e5fb60457978614ebc8e8",
        "type": "github"
      },
      "original": {
        "owner": "NixOS",
        "ref": "master",
        "repo": "nixpkgs",
        "type": "github"
      }
    },
    "root": {
      "inputs": {
        "add-missing": "add-missing",
        "darwin": "darwin",
        "home-manager": "home-manager",
        "kak-ansi": "kak-ansi",
        "nixpkgs": "nixpkgs",
        "twou": "twou"
      }
    },
    "twou": {
      "inputs": {
        "flake-utils": "flake-utils_3",
        "nixpkgs": [
          "nixpkgs"
        ]
      },
      "locked": {
        "lastModified": 1653597294,
        "narHash": "sha256-QVZqKOsodT2ym5y0n0fXHSj4DjaD/i9hS4rJmuO3oZQ=",
        "ref": "main",
        "rev": "89bc78b8f2e3107168d2ec4499434febcceecd9e",
        "revCount": 82,
        "type": "git",
        "url": "ssh://git@github.com/2uinc/nix-2u"
      },
      "original": {
        "ref": "main",
        "type": "git",
        "url": "ssh://git@github.com/2uinc/nix-2u"
      }
    },
    "utils": {
      "locked": {
        "lastModified": 1653893745,
        "narHash": "sha256-0jntwV3Z8//YwuOjzhV2sgJJPt+HY6KhU7VZUL0fKZQ=",
        "owner": "numtide",
        "repo": "flake-utils",
        "rev": "1ed9fb1935d260de5fe1c2f7ee0ebaae17ed2fa1",
        "type": "github"
      },
      "original": {
        "owner": "numtide",
        "repo": "flake-utils",
        "type": "github"
      }
    }
  },
  "root": "root",
  "version": 7
}
