{
  "nodes": {
    "darwin": {
      "inputs": {
        "nixpkgs": [
          "nixpkgs"
        ]
      },
      "locked": {
        "lastModified": 1634994402,
        "narHash": "sha256-xmlCVVOYGpZoxgOqsDOVF0B0ASrnbNGVAEzID9qh2xo=",
        "owner": "LnL7",
        "repo": "nix-darwin",
        "rev": "44da835ac40dab5fd231298b59d83487382d2fab",
        "type": "github"
      },
      "original": {
        "owner": "LnL7",
        "ref": "master",
        "repo": "nix-darwin",
        "type": "github"
      }
    },
    "home-manager": {
      "inputs": {
        "nixpkgs": [
          "nixpkgs"
        ]
      },
      "locked": {
        "lastModified": 1635017514,
        "narHash": "sha256-tdV/y8nJZqKDoqFVE8ORB0drdGdSze2xeWfhWz9M3oo=",
        "owner": "nix-community",
        "repo": "home-manager",
        "rev": "406eeec0b98903561767ce7aca311034d298d53e",
        "type": "github"
      },
      "original": {
        "owner": "nix-community",
        "ref": "master",
        "repo": "home-manager",
        "type": "github"
      }
    },
    "nixpkgs": {
      "locked": {
        "lastModified": 1635029323,
        "narHash": "sha256-w9t10r8HnK5x7rIFiqsXFPBvLF35zQcd8G92Ut5uhy8=",
        "owner": "NixOS",
        "repo": "nixpkgs",
        "rev": "266bf728850a67ec18d08df57701b32fc9592284",
        "type": "github"
      },
      "original": {
        "owner": "NixOS",
        "ref": "master",
        "repo": "nixpkgs",
        "type": "github"
      }
    },
    "root": {
      "inputs": {
        "darwin": "darwin",
        "home-manager": "home-manager",
        "nixpkgs": "nixpkgs",
        "twou": "twou"
      }
    },
    "twou": {
      "inputs": {
        "nixpkgs": [
          "nixpkgs"
        ]
      },
      "locked": {
        "lastModified": 1633636995,
        "narHash": "sha256-VAekYmmBsLwQuI72jm7KgAP+Nz/bNJ4BfJpBmk6i6nw=",
        "ref": "develop",
        "rev": "bac00ec61be17fb40896993c0c212e798c79f10d",
        "revCount": 68,
        "type": "git",
        "url": "ssh://git@github.com/2uinc/nix-2u"
      },
      "original": {
        "ref": "develop",
        "type": "git",
        "url": "ssh://git@github.com/2uinc/nix-2u"
      }
    }
  },
  "root": "root",
  "version": 7
}
